
Microsoft Visual Studio Solution File, Format Version 12.00
# Visual Studio Version 17
VisualStudioVersion = 17.8.34330.188
MinimumVisualStudioVersion = 10.0.40219.1
Project("{FAE04EC0-301F-11D3-BF4B-00C04F79EFBC}") = "GeoFuel", "GeoFuel.csproj", "{B3B6BED8-79CE-4171-A8B8-A0AF7D59686D}"
EndProject
Global
	GlobalSection(SolutionConfigurationPlatforms) = preSolution
		Debug|Any CPU = Debug|Any CPU
		Release|Any CPU = Release|Any CPU
	EndGlobalSection
	GlobalSection(ProjectConfigurationPlatforms) = postSolution
		{B3B6BED8-79CE-4171-A8B8-A0AF7D59686D}.Debug|Any CPU.ActiveCfg = Debug|Any CPU
		{B3B6BED8-79CE-4171-A8B8-A0AF7D59686D}.Debug|Any CPU.Build.0 = Debug|Any CPU
		{B3B6BED8-79CE-4171-A8B8-A0AF7D59686D}.Release|Any CPU.ActiveCfg = Release|Any CPU
		{B3B6BED8-79CE-4171-A8B8-A0AF7D59686D}.Release|Any CPU.Build.0 = Release|Any CPU
	EndGlobalSection
	GlobalSection(SolutionProperties) = preSolution
		HideSolutionNode = FALSE
	EndGlobalSection
	GlobalSection(ExtensibilityGlobals) = postSolution
		SolutionGuid = {A0823F93-DA2A-48FD-8CB1-92FF0C3912D6}
	EndGlobalSection
EndGlobal
